
Microsoft Visual Studio Solution File, Format Version 12.00
# Visual Studio 14
VisualStudioVersion = 14.0.25420.1
MinimumVisualStudioVersion = 10.0.40219.1
Project("{FAE04EC0-301F-11D3-BF4B-00C04F79EFBC}") = "Labs1", "Labs\Labs1.csproj", "{34C80D79-2E64-464D-A17B-4F3B017D4A2B}"
EndProject
Project("{FAE04EC0-301F-11D3-BF4B-00C04F79EFBC}") = "MobilePhone", "MobilePhone\MobilePhone.csproj", "{15CC03B2-A2DF-4FD7-9D1F-C64BB5F02372}"
EndProject
Project("{FAE04EC0-301F-11D3-BF4B-00C04F79EFBC}") = "Playback", "Playback\Playback.csproj", "{94117056-3769-482D-B04A-926C1CFB7DE7}"
EndProject
Project("{FAE04EC0-301F-11D3-BF4B-00C04F79EFBC}") = "PhoneTest", "PhoneTest\PhoneTest.csproj", "{48881EB3-7192-422D-AB71-D7DF378D7B7C}"
EndProject
Project("{FAE04EC0-301F-11D3-BF4B-00C04F79EFBC}") = "SMS", "SMS\SMS.csproj", "{83E77F65-BC6E-4D28-B8AD-540BFDAB2B3D}"
EndProject
Project("{FAE04EC0-301F-11D3-BF4B-00C04F79EFBC}") = "CallViewer", "CallViewer\CallViewer.csproj", "{CAEBCAAF-019D-4E8D-AFDB-3AAC311D36A1}"
EndProject
Global
	GlobalSection(SolutionConfigurationPlatforms) = preSolution
		Debug|Any CPU = Debug|Any CPU
		Release|Any CPU = Release|Any CPU
	EndGlobalSection
	GlobalSection(ProjectConfigurationPlatforms) = postSolution
		{34C80D79-2E64-464D-A17B-4F3B017D4A2B}.Debug|Any CPU.ActiveCfg = Debug|Any CPU
		{34C80D79-2E64-464D-A17B-4F3B017D4A2B}.Debug|Any CPU.Build.0 = Debug|Any CPU
		{34C80D79-2E64-464D-A17B-4F3B017D4A2B}.Release|Any CPU.ActiveCfg = Release|Any CPU
		{34C80D79-2E64-464D-A17B-4F3B017D4A2B}.Release|Any CPU.Build.0 = Release|Any CPU
		{15CC03B2-A2DF-4FD7-9D1F-C64BB5F02372}.Debug|Any CPU.ActiveCfg = Debug|Any CPU
		{15CC03B2-A2DF-4FD7-9D1F-C64BB5F02372}.Debug|Any CPU.Build.0 = Debug|Any CPU
		{15CC03B2-A2DF-4FD7-9D1F-C64BB5F02372}.Release|Any CPU.ActiveCfg = Release|Any CPU
		{15CC03B2-A2DF-4FD7-9D1F-C64BB5F02372}.Release|Any CPU.Build.0 = Release|Any CPU
		{94117056-3769-482D-B04A-926C1CFB7DE7}.Debug|Any CPU.ActiveCfg = Debug|Any CPU
		{94117056-3769-482D-B04A-926C1CFB7DE7}.Debug|Any CPU.Build.0 = Debug|Any CPU
		{94117056-3769-482D-B04A-926C1CFB7DE7}.Release|Any CPU.ActiveCfg = Release|Any CPU
		{94117056-3769-482D-B04A-926C1CFB7DE7}.Release|Any CPU.Build.0 = Release|Any CPU
		{48881EB3-7192-422D-AB71-D7DF378D7B7C}.Debug|Any CPU.ActiveCfg = Debug|Any CPU
		{48881EB3-7192-422D-AB71-D7DF378D7B7C}.Debug|Any CPU.Build.0 = Debug|Any CPU
		{48881EB3-7192-422D-AB71-D7DF378D7B7C}.Release|Any CPU.ActiveCfg = Release|Any CPU
		{48881EB3-7192-422D-AB71-D7DF378D7B7C}.Release|Any CPU.Build.0 = Release|Any CPU
		{83E77F65-BC6E-4D28-B8AD-540BFDAB2B3D}.Debug|Any CPU.ActiveCfg = Debug|Any CPU
		{83E77F65-BC6E-4D28-B8AD-540BFDAB2B3D}.Debug|Any CPU.Build.0 = Debug|Any CPU
		{83E77F65-BC6E-4D28-B8AD-540BFDAB2B3D}.Release|Any CPU.ActiveCfg = Release|Any CPU
		{83E77F65-BC6E-4D28-B8AD-540BFDAB2B3D}.Release|Any CPU.Build.0 = Release|Any CPU
		{CAEBCAAF-019D-4E8D-AFDB-3AAC311D36A1}.Debug|Any CPU.ActiveCfg = Debug|Any CPU
		{CAEBCAAF-019D-4E8D-AFDB-3AAC311D36A1}.Debug|Any CPU.Build.0 = Debug|Any CPU
		{CAEBCAAF-019D-4E8D-AFDB-3AAC311D36A1}.Release|Any CPU.ActiveCfg = Release|Any CPU
		{CAEBCAAF-019D-4E8D-AFDB-3AAC311D36A1}.Release|Any CPU.Build.0 = Release|Any CPU
	EndGlobalSection
	GlobalSection(SolutionProperties) = preSolution
		HideSolutionNode = FALSE
	EndGlobalSection
EndGlobal
